// !$*UTF8*$!
{
	archiveVersion = 1;
	classes = {
	};
	objectVersion = 48;
	objects = {

/* Begin PBXBuildFile section */
		17CF9196206CBA3800C17FA0 /* AppDelegate.m in Sources */ = {isa = PBXBuildFile; fileRef = 17CF9195206CBA3800C17FA0 /* AppDelegate.m */; };
		17CF9199206CBA3800C17FA0 /* ViewController.m in Sources */ = {isa = PBXBuildFile; fileRef = 17CF9198206CBA3800C17FA0 /* ViewController.m */; };
		17CF919C206CBA3800C17FA0 /* Main.storyboard in Resources */ = {isa = PBXBuildFile; fileRef = 17CF919A206CBA3800C17FA0 /* Main.storyboard */; };
		17CF919E206CBA3800C17FA0 /* Assets.xcassets in Resources */ = {isa = PBXBuildFile; fileRef = 17CF919D206CBA3800C17FA0 /* Assets.xcassets */; };
		17CF91A1206CBA3800C17FA0 /* LaunchScreen.storyboard in Resources */ = {isa = PBXBuildFile; fileRef = 17CF919F206CBA3800C17FA0 /* LaunchScreen.storyboard */; };
		17CF91A4206CBA3800C17FA0 /* main.m in Sources */ = {isa = PBXBuildFile; fileRef = 17CF91A3206CBA3800C17FA0 /* main.m */; };
/* End PBXBuildFile section */

/* Begin PBXFileReference section */
		17CF9191206CBA3800C17FA0 /* MGExcelView.app */ = {isa = PBXFileReference; explicitFileType = wrapper.application; includeInIndex = 0; path = MGExcelView.app; sourceTree = BUILT_PRODUCTS_DIR; };
		17CF9194206CBA3800C17FA0 /* AppDelegate.h */ = {isa = PBXFileReference; lastKnownFileType = sourcecode.c.h; path = AppDelegate.h; sourceTree = "<group>"; };
		17CF9195206CBA3800C17FA0 /* AppDelegate.m */ = {isa = PBXFileReference; lastKnownFileType = sourcecode.c.objc; path = AppDelegate.m; sourceTree = "<group>"; };
		17CF9197206CBA3800C17FA0 /* ViewController.h */ = {isa = PBXFileReference; lastKnownFileType = sourcecode.c.h; path = ViewController.h; sourceTree = "<group>"; };
		17CF9198206CBA3800C17FA0 /* ViewController.m */ = {isa = PBXFileReference; lastKnownFileType = sourcecode.c.objc; path = ViewController.m; sourceTree = "<group>"; };
		17CF919B206CBA3800C17FA0 /* Base */ = {isa = PBXFileReference; lastKnownFileType = file.storyboard; name = Base; path = Base.lproj/Main.storyboard; sourceTree = "<group>"; };
		17CF919D206CBA3800C17FA0 /* Assets.xcassets */ = {isa = PBXFileReference; lastKnownFileType = folder.assetcatalog; path = Assets.xcassets; sourceTree = "<group>"; };
		17CF91A0206CBA3800C17FA0 /* Base */ = {isa = PBXFileReference; lastKnownFileType = file.storyboard; name = Base; path = Base.lproj/LaunchScreen.storyboard; sourceTree = "<group>"; };
		17CF91A2206CBA3800C17FA0 /* Info.plist */ = {isa = PBXFileReference; lastKnownFileType = text.plist.xml; path = Info.plist; sourceTree = "<group>"; };
		17CF91A3206CBA3800C17FA0 /* main.m */ = {isa = PBXFileReference; lastKnownFileType = sourcecode.c.objc; path = main.m; sourceTree = "<group>"; };
/* End PBXFileReference section */

/* Begin PBXFrameworksBuildPhase section */
		17CF918E206CBA3800C17FA0 /* Frameworks */ = {
			isa = PBXFrameworksBuildPhase;
			buildActionMask = 2147483647;
			files = (
			);
			runOnlyForDeploymentPostprocessing = 0;
		};
/* End PBXFrameworksBuildPhase section */

/* Begin PBXGroup section */
		17CF9188206CBA3800C17FA0 = {
			isa = PBXGroup;
			children = (
				17CF9193206CBA3800C17FA0 /* MGExcelView */,
				17CF9192206CBA3800C17FA0 /* Products */,
			);
			sourceTree = "<group>";
		};
		17CF9192206CBA3800C17FA0 /* Products */ = {
			isa = PBXGroup;
			children = (
				17CF9191206CBA3800C17FA0 /* MGExcelView.app */,
			);
			name = Products;
			sourceTree = "<group>";
		};
		17CF9193206CBA3800C17FA0 /* MGExcelView */ = {
			isa = PBXGroup;
			children = (
				17CF9194206CBA3800C17FA0 /* AppDelegate.h */,
				17CF9195206CBA3800C17FA0 /* AppDelegate.m */,
				17CF9197206CBA3800C17FA0 /* ViewController.h */,
				17CF9198206CBA3800C17FA0 /* ViewController.m */,
				17CF919A206CBA3800C17FA0 /* Main.storyboard */,
				17CF919D206CBA3800C17FA0 /* Assets.xcassets */,
				17CF919F206CBA3800C17FA0 /* LaunchScreen.storyboard */,
				17CF91A2206CBA3800C17FA0 /* Info.plist */,
				17CF91A3206CBA3800C17FA0 /* main.m */,
			);
			path = MGExcelView;
			sourceTree = "<group>";
		};
/* End PBXGroup section */

/* Begin PBXNativeTarget section */
		17CF9190206CBA3800C17FA0 /* MGExcelView */ = {
			isa = PBXNativeTarget;
			buildConfigurationList = 17CF91A7206CBA3800C17FA0 /* Build configuration list for PBXNativeTarget "MGExcelView" */;
			buildPhases = (
				17CF918D206CBA3800C17FA0 /* Sources */,
				17CF918E206CBA3800C17FA0 /* Frameworks */,
				17CF918F206CBA3800C17FA0 /* Resources */,
			);
			buildRules = (
			);
			dependencies = (
			);
			name = MGExcelView;
			productName = MGExcelView;
			productReference = 17CF9191206CBA3800C17FA0 /* MGExcelView.app */;
			productType = "com.apple.product-type.application";
		};
/* End PBXNativeTarget section */

/* Begin PBXProject section */
		17CF9189206CBA3800C17FA0 /* Project object */ = {
			isa = PBXProject;
			attributes = {
				LastUpgradeCheck = 0910;
				ORGANIZATIONNAME = mige;
				TargetAttributes = {
					17CF9190206CBA3800C17FA0 = {
						CreatedOnToolsVersion = 9.1;
						ProvisioningStyle = Automatic;
					};
				};
			};
			buildConfigurationList = 17CF918C206CBA3800C17FA0 /* Build configuration list for PBXProject "MGExcelView" */;
			compatibilityVersion = "Xcode 8.0";
			developmentRegion = en;
			hasScannedForEncodings = 0;
			knownRegions = (
				en,
				Base,
			);
			mainGroup = 17CF9188206CBA3800C17FA0;
			productRefGroup = 17CF9192206CBA3800C17FA0 /* Products */;
			projectDirPath = "";
			projectRoot = "";
			targets = (
				17CF9190206CBA3800C17FA0 /* MGExcelView */,
			);
		};
/* End PBXProject section */

/* Begin PBXResourcesBuildPhase section */
		17CF918F206CBA3800C17FA0 /* Resources */ = {
			isa = PBXResourcesBuildPhase;
			buildActionMask = 2147483647;
			files = (
				17CF91A1206CBA3800C17FA0 /* LaunchScreen.storyboard in Resources */,
				17CF919E206CBA3800C17FA0 /* Assets.xcassets in Resources */,
				17CF919C206CBA3800C17FA0 /* Main.storyboard in Resources */,
			);
			runOnlyForDeploymentPostprocessing = 0;
		};
/* End PBXResourcesBuildPhase section */

/* Begin PBXSourcesBuildPhase section */
		17CF918D206CBA3800C17FA0 /* Sources */ = {
			isa = PBXSourcesBuildPhase;
			buildActionMask = 2147483647;
			files = (
				17CF9199206CBA3800C17FA0 /* ViewController.m in Sources */,
				17CF91A4206CBA3800C17FA0 /* main.m in Sources */,
				17CF9196206CBA3800C17FA0 /* AppDelegate.m in Sources */,
			);
			runOnlyForDeploymentPostprocessing = 0;
		};
/* End PBXSourcesBuildPhase section */

/* Begin PBXVariantGroup section */
		17CF919A206CBA3800C17FA0 /* Main.storyboard */ = {
			isa = PBXVariantGroup;
			children = (
				17CF919B206CBA3800C17FA0 /* Base */,
			);
			name = Main.storyboard;
			sourceTree = "<group>";
		};
		17CF919F206CBA3800C17FA0 /* LaunchScreen.storyboard */ = {
			isa = PBXVariantGroup;
			children = (
				17CF91A0206CBA3800C17FA0 /* Base */,
			);
			name = LaunchScreen.storyboard;
			sourceTree = "<group>";
		};
/* End PBXVariantGroup section */

/* Begin XCBuildConfiguration section */
		17CF91A5206CBA3800C17FA0 /* Debug */ = {
			isa = XCBuildConfiguration;
			buildSettings = {
				ALWAYS_SEARCH_USER_PATHS = NO;
				CLANG_ANALYZER_NONNULL = YES;
				CLANG_ANALYZER_NUMBER_OBJECT_CONVERSION = YES_AGGRESSIVE;
				CLANG_CXX_LANGUAGE_STANDARD = "gnu++14";
				CLANG_CXX_LIBRARY = "libc++";
				CLANG_ENABLE_MODULES = YES;
				CLANG_ENABLE_OBJC_ARC = YES;
				CLANG_WARN_BLOCK_CAPTURE_AUTORELEASING = YES;
				CLANG_WARN_BOOL_CONVERSION = YES;
				CLANG_WARN_COMMA = YES;
				CLANG_WARN_CONSTANT_CONVERSION = YES;
				CLANG_WARN_DIRECT_OBJC_ISA_USAGE = YES_ERROR;
				CLANG_WARN_DOCUMENTATION_COMMENTS = YES;
				CLANG_WARN_EMPTY_BODY = YES;
				CLANG_WARN_ENUM_CONVERSION = YES;
				CLANG_WARN_INFINITE_RECURSION = YES;
				CLANG_WARN_INT_CONVERSION = YES;
				CLANG_WARN_NON_LITERAL_NULL_CONVERSION = YES;
				CLANG_WARN_OBJC_LITERAL_CONVERSION = YES;
				CLANG_WARN_OBJC_ROOT_CLASS = YES_ERROR;
				CLANG_WARN_RANGE_LOOP_ANALYSIS = YES;
				CLANG_WARN_STRICT_PROTOTYPES = YES;
				CLANG_WARN_SUSPICIOUS_MOVE = YES;
				CLANG_WARN_UNGUARDED_AVAILABILITY = YES_AGGRESSIVE;
				CLANG_WARN_UNREACHABLE_CODE = YES;
				CLANG_WARN__DUPLICATE_METHOD_MATCH = YES;
				CODE_SIGN_IDENTITY = "iPhone Developer";
				COPY_PHASE_STRIP = NO;
				DEBUG_INFORMATION_FORMAT = dwarf;
				ENABLE_STRICT_OBJC_MSGSEND = YES;
				ENABLE_TESTABILITY = YES;
				GCC_C_LANGUAGE_STANDARD = gnu11;
				GCC_DYNAMIC_NO_PIC = NO;
				GCC_NO_COMMON_BLOCKS = YES;
				GCC_OPTIMIZATION_LEVEL = 0;
				GCC_PREPROCESSOR_DEFINITIONS = (
					"DEBUG=1",
					"$(inherited)",
				);
				GCC_WARN_64_TO_32_BIT_CONVERSION = YES;
				GCC_WARN_ABOUT_RETURN_TYPE = YES_ERROR;
				GCC_WARN_UNDECLARED_SELECTOR = YES;
				GCC_WARN_UNINITIALIZED_AUTOS = YES_AGGRESSIVE;
				GCC_WARN_UNUSED_FUNCTION = YES;
				GCC_WARN_UNUSED_VARIABLE = YES;
				IPHONEOS_DEPLOYMENT_TARGET = 11.1;
				MTL_ENABLE_DEBUG_INFO = YES;
				ONLY_ACTIVE_ARCH = YES;
				SDKROOT = iphoneos;
			};
			name = Debug;
		};
		17CF91A6206CBA3800C17FA0 /* Release */ = {
			isa = XCBuildConfiguration;
			buildSettings = {
				ALWAYS_SEARCH_USER_PATHS = NO;
				CLANG_ANALYZER_NONNULL = YES;
				CLANG_ANALYZER_NUMBER_OBJECT_CONVERSION = YES_AGGRESSIVE;
				CLANG_CXX_LANGUAGE_STANDARD = "gnu++14";
				CLANG_CXX_LIBRARY = "libc++";
				CLANG_ENABLE_MODULES = YES;
				CLANG_ENABLE_OBJC_ARC = YES;
				CLANG_WARN_BLOCK_CAPTURE_AUTORELEASING = YES;
				CLANG_WARN_BOOL_CONVERSION = YES;
				CLANG_WARN_COMMA = YES;
				CLANG_WARN_CONSTANT_CONVERSION = YES;
				CLANG_WARN_DIRECT_OBJC_ISA_USAGE = YES_ERROR;
				CLANG_WARN_DOCUMENTATION_COMMENTS = YES;
				CLANG_WARN_EMPTY_BODY = YES;
				CLANG_WARN_ENUM_CONVERSION = YES;
				CLANG_WARN_INFINITE_RECURSION = YES;
				CLANG_WARN_INT_CONVERSION = YES;
				CLANG_WARN_NON_LITERAL_NULL_CONVERSION = YES;
				CLANG_WARN_OBJC_LITERAL_CONVERSION = YES;
				CLANG_WARN_OBJC_ROOT_CLASS = YES_ERROR;
				CLANG_WARN_RANGE_LOOP_ANALYSIS = YES;
				CLANG_WARN_STRICT_PROTOTYPES = YES;
				CLANG_WARN_SUSPICIOUS_MOVE = YES;
				CLANG_WARN_UNGUARDED_AVAILABILITY = YES_AGGRESSIVE;
				CLANG_WARN_UNREACHABLE_CODE = YES;
				CLANG_WARN__DUPLICATE_METHOD_MATCH = YES;
				CODE_SIGN_IDENTITY = "iPhone Developer";
				COPY_PHASE_STRIP = NO;
				DEBUG_INFORMATION_FORMAT = "dwarf-with-dsym";
				ENABLE_NS_ASSERTIONS = NO;
				ENABLE_STRICT_OBJC_MSGSEND = YES;
				GCC_C_LANGUAGE_STANDARD = gnu11;
				GCC_NO_COMMON_BLOCKS = YES;
				GCC_WARN_64_TO_32_BIT_CONVERSION = YES;
				GCC_WARN_ABOUT_RETURN_TYPE = YES_ERROR;
				GCC_WARN_UNDECLARED_SELECTOR = YES;
				GCC_WARN_UNINITIALIZED_AUTOS = YES_AGGRESSIVE;
				GCC_WARN_UNUSED_FUNCTION = YES;
				GCC_WARN_UNUSED_VARIABLE = YES;
				IPHONEOS_DEPLOYMENT_TARGET = 11.1;
				MTL_ENABLE_DEBUG_INFO = NO;
				SDKROOT = iphoneos;
				VALIDATE_PRODUCT = YES;
			};
			name = Release;
		};
		17CF91A8206CBA3800C17FA0 /* Debug */ = {
			isa = XCBuildConfiguration;
			buildSettings = {
				ASSETCATALOG_COMPILER_APPICON_NAME = AppIcon;
				CODE_SIGN_STYLE = Automatic;
				INFOPLIST_FILE = MGExcelView/Info.plist;
				LD_RUNPATH_SEARCH_PATHS = "$(inherited) @executable_path/Frameworks";
				PRODUCT_BUNDLE_IDENTIFIER = com.mige.MGExcelView;
				PRODUCT_NAME = "$(TARGET_NAME)";
				TARGETED_DEVICE_FAMILY = "1,2";
			};
			name = Debug;
		};
		17CF91A9206CBA3800C17FA0 /* Release */ = {
			isa = XCBuildConfiguration;
			buildSettings = {
				ASSETCATALOG_COMPILER_APPICON_NAME = AppIcon;
				CODE_SIGN_STYLE = Automatic;
				INFOPLIST_FILE = MGExcelView/Info.plist;
				LD_RUNPATH_SEARCH_PATHS = "$(inherited) @executable_path/Frameworks";
				PRODUCT_BUNDLE_IDENTIFIER = com.mige.MGExcelView;
				PRODUCT_NAME = "$(TARGET_NAME)";
				TARGETED_DEVICE_FAMILY = "1,2";
			};
			name = Release;
		};
/* End XCBuildConfiguration section */

/* Begin XCConfigurationList section */
		17CF918C206CBA3800C17FA0 /* Build configuration list for PBXProject "MGExcelView" */ = {
			isa = XCConfigurationList;
			buildConfigurations = (
				17CF91A5206CBA3800C17FA0 /* Debug */,
				17CF91A6206CBA3800C17FA0 /* Release */,
			);
			defaultConfigurationIsVisible = 0;
			defaultConfigurationName = Release;
		};
		17CF91A7206CBA3800C17FA0 /* Build configuration list for PBXNativeTarget "MGExcelView" */ = {
			isa = XCConfigurationList;
			buildConfigurations = (
				17CF91A8206CBA3800C17FA0 /* Debug */,
				17CF91A9206CBA3800C17FA0 /* Release */,
			);
			defaultConfigurationIsVisible = 0;
			defaultConfigurationName = Release;
		};
/* End XCConfigurationList section */
	};
	rootObject = 17CF9189206CBA3800C17FA0 /* Project object */;
}
